// !$*UTF8*$!
{
	archiveVersion = 1;
	classes = {
	};
	objectVersion = 46;
	objects = {

/* Begin PBXBuildFile section */
		476FA75F1F789ADF00C77690 /* CustomLabel.m in Sources */ = {isa = PBXBuildFile; fileRef = 476FA75E1F789ADF00C77690 /* CustomLabel.m */; };
		4780BA2A1F6A767E0024D27D /* main.m in Sources */ = {isa = PBXBuildFile; fileRef = 4780BA291F6A767E0024D27D /* main.m */; };
		4780BA2D1F6A767E0024D27D /* AppDelegate.m in Sources */ = {isa = PBXBuildFile; fileRef = 4780BA2C1F6A767E0024D27D /* AppDelegate.m */; };
		4780BA301F6A767E0024D27D /* ViewController.m in Sources */ = {isa = PBXBuildFile; fileRef = 4780BA2F1F6A767E0024D27D /* ViewController.m */; };
		4780BA331F6A767E0024D27D /* Main.storyboard in Resources */ = {isa = PBXBuildFile; fileRef = 4780BA311F6A767E0024D27D /* Main.storyboard */; };
		4780BA351F6A767E0024D27D /* Assets.xcassets in Resources */ = {isa = PBXBuildFile; fileRef = 4780BA341F6A767E0024D27D /* Assets.xcassets */; };
		4780BA381F6A767E0024D27D /* LaunchScreen.storyboard in Resources */ = {isa = PBXBuildFile; fileRef = 4780BA361F6A767E0024D27D /* LaunchScreen.storyboard */; };
		4780BA411F6A77B30024D27D /* CustomView.m in Sources */ = {isa = PBXBuildFile; fileRef = 4780BA401F6A77B30024D27D /* CustomView.m */; };
		4780BA441F6A78130024D27D /* CustomMainView.m in Sources */ = {isa = PBXBuildFile; fileRef = 4780BA431F6A78130024D27D /* CustomMainView.m */; };
		4A3FA42A40943B11B23AAE5A /* libPods-UIViewLifeCycle.a in Frameworks */ = {isa = PBXBuildFile; fileRef = 28E6B5E0C0CAB5A6F0C498A4 /* libPods-UIViewLifeCycle.a */; };
/* End PBXBuildFile section */

/* Begin PBXFileReference section */
		0BC9CAD2D18B248788FAD69E /* Pods-UIViewLifeCycle.debug.xcconfig */ = {isa = PBXFileReference; includeInIndex = 1; lastKnownFileType = text.xcconfig; name = "Pods-UIViewLifeCycle.debug.xcconfig"; path = "Pods/Target Support Files/Pods-UIViewLifeCycle/Pods-UIViewLifeCycle.debug.xcconfig"; sourceTree = "<group>"; };
		28E6B5E0C0CAB5A6F0C498A4 /* libPods-UIViewLifeCycle.a */ = {isa = PBXFileReference; explicitFileType = archive.ar; includeInIndex = 0; path = "libPods-UIViewLifeCycle.a"; sourceTree = BUILT_PRODUCTS_DIR; };
		476FA75D1F789ADF00C77690 /* CustomLabel.h */ = {isa = PBXFileReference; lastKnownFileType = sourcecode.c.h; path = CustomLabel.h; sourceTree = "<group>"; };
		476FA75E1F789ADF00C77690 /* CustomLabel.m */ = {isa = PBXFileReference; lastKnownFileType = sourcecode.c.objc; path = CustomLabel.m; sourceTree = "<group>"; };
		4780BA251F6A767E0024D27D /* UIViewLifeCycle.app */ = {isa = PBXFileReference; explicitFileType = wrapper.application; includeInIndex = 0; path = UIViewLifeCycle.app; sourceTree = BUILT_PRODUCTS_DIR; };
		4780BA291F6A767E0024D27D /* main.m */ = {isa = PBXFileReference; lastKnownFileType = sourcecode.c.objc; path = main.m; sourceTree = "<group>"; };
		4780BA2B1F6A767E0024D27D /* AppDelegate.h */ = {isa = PBXFileReference; lastKnownFileType = sourcecode.c.h; path = AppDelegate.h; sourceTree = "<group>"; };
		4780BA2C1F6A767E0024D27D /* AppDelegate.m */ = {isa = PBXFileReference; lastKnownFileType = sourcecode.c.objc; path = AppDelegate.m; sourceTree = "<group>"; };
		4780BA2E1F6A767E0024D27D /* ViewController.h */ = {isa = PBXFileReference; lastKnownFileType = sourcecode.c.h; path = ViewController.h; sourceTree = "<group>"; };
		4780BA2F1F6A767E0024D27D /* ViewController.m */ = {isa = PBXFileReference; lastKnownFileType = sourcecode.c.objc; path = ViewController.m; sourceTree = "<group>"; };
		4780BA321F6A767E0024D27D /* Base */ = {isa = PBXFileReference; lastKnownFileType = file.storyboard; name = Base; path = Base.lproj/Main.storyboard; sourceTree = "<group>"; };
		4780BA341F6A767E0024D27D /* Assets.xcassets */ = {isa = PBXFileReference; lastKnownFileType = folder.assetcatalog; path = Assets.xcassets; sourceTree = "<group>"; };
		4780BA371F6A767E0024D27D /* Base */ = {isa = PBXFileReference; lastKnownFileType = file.storyboard; name = Base; path = Base.lproj/LaunchScreen.storyboard; sourceTree = "<group>"; };
		4780BA391F6A767E0024D27D /* Info.plist */ = {isa = PBXFileReference; lastKnownFileType = text.plist.xml; path = Info.plist; sourceTree = "<group>"; };
		4780BA3F1F6A77B30024D27D /* CustomView.h */ = {isa = PBXFileReference; fileEncoding = 4; lastKnownFileType = sourcecode.c.h; path = CustomView.h; sourceTree = "<group>"; };
		4780BA401F6A77B30024D27D /* CustomView.m */ = {isa = PBXFileReference; fileEncoding = 4; lastKnownFileType = sourcecode.c.objc; path = CustomView.m; sourceTree = "<group>"; };
		4780BA421F6A78130024D27D /* CustomMainView.h */ = {isa = PBXFileReference; fileEncoding = 4; lastKnownFileType = sourcecode.c.h; path = CustomMainView.h; sourceTree = "<group>"; };
		4780BA431F6A78130024D27D /* CustomMainView.m */ = {isa = PBXFileReference; fileEncoding = 4; lastKnownFileType = sourcecode.c.objc; path = CustomMainView.m; sourceTree = "<group>"; };
		A9C82942497494AAAF1052B1 /* Pods-UIViewLifeCycle.release.xcconfig */ = {isa = PBXFileReference; includeInIndex = 1; lastKnownFileType = text.xcconfig; name = "Pods-UIViewLifeCycle.release.xcconfig"; path = "Pods/Target Support Files/Pods-UIViewLifeCycle/Pods-UIViewLifeCycle.release.xcconfig"; sourceTree = "<group>"; };
/* End PBXFileReference section */

/* Begin PBXFrameworksBuildPhase section */
		4780BA221F6A767E0024D27D /* Frameworks */ = {
			isa = PBXFrameworksBuildPhase;
			buildActionMask = 2147483647;
			files = (
				4A3FA42A40943B11B23AAE5A /* libPods-UIViewLifeCycle.a in Frameworks */,
			);
			runOnlyForDeploymentPostprocessing = 0;
		};
/* End PBXFrameworksBuildPhase section */

/* Begin PBXGroup section */
		3EBA1B6BBB324A25E6C9FA70 /* Frameworks */ = {
			isa = PBXGroup;
			children = (
				28E6B5E0C0CAB5A6F0C498A4 /* libPods-UIViewLifeCycle.a */,
			);
			name = Frameworks;
			sourceTree = "<group>";
		};
		4780BA1C1F6A767E0024D27D = {
			isa = PBXGroup;
			children = (
				4780BA271F6A767E0024D27D /* UIViewLifeCycle */,
				4780BA261F6A767E0024D27D /* Products */,
				5176E3D59BFD69991D3F57B7 /* Pods */,
				3EBA1B6BBB324A25E6C9FA70 /* Frameworks */,
			);
			sourceTree = "<group>";
		};
		4780BA261F6A767E0024D27D /* Products */ = {
			isa = PBXGroup;
			children = (
				4780BA251F6A767E0024D27D /* UIViewLifeCycle.app */,
			);
			name = Products;
			sourceTree = "<group>";
		};
		4780BA271F6A767E0024D27D /* UIViewLifeCycle */ = {
			isa = PBXGroup;
			children = (
				4780BA2B1F6A767E0024D27D /* AppDelegate.h */,
				4780BA2C1F6A767E0024D27D /* AppDelegate.m */,
				4780BA2E1F6A767E0024D27D /* ViewController.h */,
				4780BA2F1F6A767E0024D27D /* ViewController.m */,
				4780BA3F1F6A77B30024D27D /* CustomView.h */,
				4780BA401F6A77B30024D27D /* CustomView.m */,
				4780BA421F6A78130024D27D /* CustomMainView.h */,
				4780BA431F6A78130024D27D /* CustomMainView.m */,
				476FA75D1F789ADF00C77690 /* CustomLabel.h */,
				476FA75E1F789ADF00C77690 /* CustomLabel.m */,
				4780BA311F6A767E0024D27D /* Main.storyboard */,
				4780BA341F6A767E0024D27D /* Assets.xcassets */,
				4780BA361F6A767E0024D27D /* LaunchScreen.storyboard */,
				4780BA391F6A767E0024D27D /* Info.plist */,
				4780BA281F6A767E0024D27D /* Supporting Files */,
			);
			path = UIViewLifeCycle;
			sourceTree = "<group>";
		};
		4780BA281F6A767E0024D27D /* Supporting Files */ = {
			isa = PBXGroup;
			children = (
				4780BA291F6A767E0024D27D /* main.m */,
			);
			name = "Supporting Files";
			sourceTree = "<group>";
		};
		5176E3D59BFD69991D3F57B7 /* Pods */ = {
			isa = PBXGroup;
			children = (
				0BC9CAD2D18B248788FAD69E /* Pods-UIViewLifeCycle.debug.xcconfig */,
				A9C82942497494AAAF1052B1 /* Pods-UIViewLifeCycle.release.xcconfig */,
			);
			name = Pods;
			sourceTree = "<group>";
		};
/* End PBXGroup section */

/* Begin PBXNativeTarget section */
		4780BA241F6A767E0024D27D /* UIViewLifeCycle */ = {
			isa = PBXNativeTarget;
			buildConfigurationList = 4780BA3C1F6A767E0024D27D /* Build configuration list for PBXNativeTarget "UIViewLifeCycle" */;
			buildPhases = (
				F3B87036ADE10BD9D9CCF070 /* [CP] Check Pods Manifest.lock */,
				4780BA211F6A767E0024D27D /* Sources */,
				4780BA221F6A767E0024D27D /* Frameworks */,
				4780BA231F6A767E0024D27D /* Resources */,
				AB9C503C9CA448F3C9DFA37F /* [CP] Embed Pods Frameworks */,
				24074997390CA829CDDB1209 /* [CP] Copy Pods Resources */,
			);
			buildRules = (
			);
			dependencies = (
			);
			name = UIViewLifeCycle;
			productName = UIViewLifeCycle;
			productReference = 4780BA251F6A767E0024D27D /* UIViewLifeCycle.app */;
			productType = "com.apple.product-type.application";
		};
/* End PBXNativeTarget section */

/* Begin PBXProject section */
		4780BA1D1F6A767E0024D27D /* Project object */ = {
			isa = PBXProject;
			attributes = {
				LastUpgradeCheck = 0830;
				ORGANIZATIONNAME = HChong;
				TargetAttributes = {
					4780BA241F6A767E0024D27D = {
						CreatedOnToolsVersion = 8.3;
						DevelopmentTeam = 73TY8N98GF;
						ProvisioningStyle = Automatic;
					};
				};
			};
			buildConfigurationList = 4780BA201F6A767E0024D27D /* Build configuration list for PBXProject "UIViewLifeCycle" */;
			compatibilityVersion = "Xcode 3.2";
			developmentRegion = English;
			hasScannedForEncodings = 0;
			knownRegions = (
				en,
				Base,
			);
			mainGroup = 4780BA1C1F6A767E0024D27D;
			productRefGroup = 4780BA261F6A767E0024D27D /* Products */;
			projectDirPath = "";
			projectRoot = "";
			targets = (
				4780BA241F6A767E0024D27D /* UIViewLifeCycle */,
			);
		};
/* End PBXProject section */

/* Begin PBXResourcesBuildPhase section */
		4780BA231F6A767E0024D27D /* Resources */ = {
			isa = PBXResourcesBuildPhase;
			buildActionMask = 2147483647;
			files = (
				4780BA381F6A767E0024D27D /* LaunchScreen.storyboard in Resources */,
				4780BA351F6A767E0024D27D /* Assets.xcassets in Resources */,
				4780BA331F6A767E0024D27D /* Main.storyboard in Resources */,
			);
			runOnlyForDeploymentPostprocessing = 0;
		};
/* End PBXResourcesBuildPhase section */

/* Begin PBXShellScriptBuildPhase section */
		24074997390CA829CDDB1209 /* [CP] Copy Pods Resources */ = {
			isa = PBXShellScriptBuildPhase;
			buildActionMask = 2147483647;
			files = (
			);
			inputPaths = (
			);
			name = "[CP] Copy Pods Resources";
			outputPaths = (
			);
			runOnlyForDeploymentPostprocessing = 0;
			shellPath = /bin/sh;
			shellScript = "\"${SRCROOT}/Pods/Target Support Files/Pods-UIViewLifeCycle/Pods-UIViewLifeCycle-resources.sh\"\n";
			showEnvVarsInLog = 0;
		};
		AB9C503C9CA448F3C9DFA37F /* [CP] Embed Pods Frameworks */ = {
			isa = PBXShellScriptBuildPhase;
			buildActionMask = 2147483647;
			files = (
			);
			inputPaths = (
			);
			name = "[CP] Embed Pods Frameworks";
			outputPaths = (
			);
			runOnlyForDeploymentPostprocessing = 0;
			shellPath = /bin/sh;
			shellScript = "\"${SRCROOT}/Pods/Target Support Files/Pods-UIViewLifeCycle/Pods-UIViewLifeCycle-frameworks.sh\"\n";
			showEnvVarsInLog = 0;
		};
		F3B87036ADE10BD9D9CCF070 /* [CP] Check Pods Manifest.lock */ = {
			isa = PBXShellScriptBuildPhase;
			buildActionMask = 2147483647;
			files = (
			);
			inputPaths = (
			);
			name = "[CP] Check Pods Manifest.lock";
			outputPaths = (
			);
			runOnlyForDeploymentPostprocessing = 0;
			shellPath = /bin/sh;
			shellScript = "diff \"${PODS_PODFILE_DIR_PATH}/Podfile.lock\" \"${PODS_ROOT}/Manifest.lock\" > /dev/null\nif [ $? != 0 ] ; then\n    # print error to STDERR\n    echo \"error: The sandbox is not in sync with the Podfile.lock. Run 'pod install' or update your CocoaPods installation.\" >&2\n    exit 1\nfi\n";
			showEnvVarsInLog = 0;
		};
/* End PBXShellScriptBuildPhase section */

/* Begin PBXSourcesBuildPhase section */
		4780BA211F6A767E0024D27D /* Sources */ = {
			isa = PBXSourcesBuildPhase;
			buildActionMask = 2147483647;
			files = (
				4780BA301F6A767E0024D27D /* ViewController.m in Sources */,
				4780BA411F6A77B30024D27D /* CustomView.m in Sources */,
				4780BA2D1F6A767E0024D27D /* AppDelegate.m in Sources */,
				4780BA2A1F6A767E0024D27D /* main.m in Sources */,
				4780BA441F6A78130024D27D /* CustomMainView.m in Sources */,
				476FA75F1F789ADF00C77690 /* CustomLabel.m in Sources */,
			);
			runOnlyForDeploymentPostprocessing = 0;
		};
/* End PBXSourcesBuildPhase section */

/* Begin PBXVariantGroup section */
		4780BA311F6A767E0024D27D /* Main.storyboard */ = {
			isa = PBXVariantGroup;
			children = (
				4780BA321F6A767E0024D27D /* Base */,
			);
			name = Main.storyboard;
			sourceTree = "<group>";
		};
		4780BA361F6A767E0024D27D /* LaunchScreen.storyboard */ = {
			isa = PBXVariantGroup;
			children = (
				4780BA371F6A767E0024D27D /* Base */,
			);
			name = LaunchScreen.storyboard;
			sourceTree = "<group>";
		};
/* End PBXVariantGroup section */

/* Begin XCBuildConfiguration section */
		4780BA3A1F6A767E0024D27D /* Debug */ = {
			isa = XCBuildConfiguration;
			buildSettings = {
				ALWAYS_SEARCH_USER_PATHS = NO;
				CLANG_ANALYZER_NONNULL = YES;
				CLANG_ANALYZER_NUMBER_OBJECT_CONVERSION = YES_AGGRESSIVE;
				CLANG_CXX_LANGUAGE_STANDARD = "gnu++0x";
				CLANG_CXX_LIBRARY = "libc++";
				CLANG_ENABLE_MODULES = YES;
				CLANG_ENABLE_OBJC_ARC = YES;
				CLANG_WARN_BOOL_CONVERSION = YES;
				CLANG_WARN_CONSTANT_CONVERSION = YES;
				CLANG_WARN_DIRECT_OBJC_ISA_USAGE = YES_ERROR;
				CLANG_WARN_DOCUMENTATION_COMMENTS = YES;
				CLANG_WARN_EMPTY_BODY = YES;
				CLANG_WARN_ENUM_CONVERSION = YES;
				CLANG_WARN_INFINITE_RECURSION = YES;
				CLANG_WARN_INT_CONVERSION = YES;
				CLANG_WARN_OBJC_ROOT_CLASS = YES_ERROR;
				CLANG_WARN_SUSPICIOUS_MOVE = YES;
				CLANG_WARN_UNREACHABLE_CODE = YES;
				CLANG_WARN__DUPLICATE_METHOD_MATCH = YES;
				"CODE_SIGN_IDENTITY[sdk=iphoneos*]" = "iPhone Developer";
				COPY_PHASE_STRIP = NO;
				DEBUG_INFORMATION_FORMAT = dwarf;
				ENABLE_STRICT_OBJC_MSGSEND = YES;
				ENABLE_TESTABILITY = YES;
				GCC_C_LANGUAGE_STANDARD = gnu99;
				GCC_DYNAMIC_NO_PIC = NO;
				GCC_NO_COMMON_BLOCKS = YES;
				GCC_OPTIMIZATION_LEVEL = 0;
				GCC_PREPROCESSOR_DEFINITIONS = (
					"DEBUG=1",
					"$(inherited)",
				);
				GCC_WARN_64_TO_32_BIT_CONVERSION = YES;
				GCC_WARN_ABOUT_RETURN_TYPE = YES_ERROR;
				GCC_WARN_UNDECLARED_SELECTOR = YES;
				GCC_WARN_UNINITIALIZED_AUTOS = YES_AGGRESSIVE;
				GCC_WARN_UNUSED_FUNCTION = YES;
				GCC_WARN_UNUSED_VARIABLE = YES;
				IPHONEOS_DEPLOYMENT_TARGET = 10.3;
				MTL_ENABLE_DEBUG_INFO = YES;
				ONLY_ACTIVE_ARCH = YES;
				SDKROOT = iphoneos;
				TARGETED_DEVICE_FAMILY = "1,2";
			};
			name = Debug;
		};
		4780BA3B1F6A767E0024D27D /* Release */ = {
			isa = XCBuildConfiguration;
			buildSettings = {
				ALWAYS_SEARCH_USER_PATHS = NO;
				CLANG_ANALYZER_NONNULL = YES;
				CLANG_ANALYZER_NUMBER_OBJECT_CONVERSION = YES_AGGRESSIVE;
				CLANG_CXX_LANGUAGE_STANDARD = "gnu++0x";
				CLANG_CXX_LIBRARY = "libc++";
				CLANG_ENABLE_MODULES = YES;
				CLANG_ENABLE_OBJC_ARC = YES;
				CLANG_WARN_BOOL_CONVERSION = YES;
				CLANG_WARN_CONSTANT_CONVERSION = YES;
				CLANG_WARN_DIRECT_OBJC_ISA_USAGE = YES_ERROR;
				CLANG_WARN_DOCUMENTATION_COMMENTS = YES;
				CLANG_WARN_EMPTY_BODY = YES;
				CLANG_WARN_ENUM_CONVERSION = YES;
				CLANG_WARN_INFINITE_RECURSION = YES;
				CLANG_WARN_INT_CONVERSION = YES;
				CLANG_WARN_OBJC_ROOT_CLASS = YES_ERROR;
				CLANG_WARN_SUSPICIOUS_MOVE = YES;
				CLANG_WARN_UNREACHABLE_CODE = YES;
				CLANG_WARN__DUPLICATE_METHOD_MATCH = YES;
				"CODE_SIGN_IDENTITY[sdk=iphoneos*]" = "iPhone Developer";
				COPY_PHASE_STRIP = NO;
				DEBUG_INFORMATION_FORMAT = "dwarf-with-dsym";
				ENABLE_NS_ASSERTIONS = NO;
				ENABLE_STRICT_OBJC_MSGSEND = YES;
				GCC_C_LANGUAGE_STANDARD = gnu99;
				GCC_NO_COMMON_BLOCKS = YES;
				GCC_WARN_64_TO_32_BIT_CONVERSION = YES;
				GCC_WARN_ABOUT_RETURN_TYPE = YES_ERROR;
				GCC_WARN_UNDECLARED_SELECTOR = YES;
				GCC_WARN_UNINITIALIZED_AUTOS = YES_AGGRESSIVE;
				GCC_WARN_UNUSED_FUNCTION = YES;
				GCC_WARN_UNUSED_VARIABLE = YES;
				IPHONEOS_DEPLOYMENT_TARGET = 10.3;
				MTL_ENABLE_DEBUG_INFO = NO;
				SDKROOT = iphoneos;
				TARGETED_DEVICE_FAMILY = "1,2";
				VALIDATE_PRODUCT = YES;
			};
			name = Release;
		};
		4780BA3D1F6A767E0024D27D /* Debug */ = {
			isa = XCBuildConfiguration;
			baseConfigurationReference = 0BC9CAD2D18B248788FAD69E /* Pods-UIViewLifeCycle.debug.xcconfig */;
			buildSettings = {
				ASSETCATALOG_COMPILER_APPICON_NAME = AppIcon;
				DEVELOPMENT_TEAM = 73TY8N98GF;
				INFOPLIST_FILE = UIViewLifeCycle/Info.plist;
				LD_RUNPATH_SEARCH_PATHS = "$(inherited) @executable_path/Frameworks";
				PRODUCT_BUNDLE_IDENTIFIER = com.HC.UIViewLifeCycle;
				PRODUCT_NAME = "$(TARGET_NAME)";
			};
			name = Debug;
		};
		4780BA3E1F6A767E0024D27D /* Release */ = {
			isa = XCBuildConfiguration;
			baseConfigurationReference = A9C82942497494AAAF1052B1 /* Pods-UIViewLifeCycle.release.xcconfig */;
			buildSettings = {
				ASSETCATALOG_COMPILER_APPICON_NAME = AppIcon;
				DEVELOPMENT_TEAM = 73TY8N98GF;
				INFOPLIST_FILE = UIViewLifeCycle/Info.plist;
				LD_RUNPATH_SEARCH_PATHS = "$(inherited) @executable_path/Frameworks";
				PRODUCT_BUNDLE_IDENTIFIER = com.HC.UIViewLifeCycle;
				PRODUCT_NAME = "$(TARGET_NAME)";
			};
			name = Release;
		};
/* End XCBuildConfiguration section */

/* Begin XCConfigurationList section */
		4780BA201F6A767E0024D27D /* Build configuration list for PBXProject "UIViewLifeCycle" */ = {
			isa = XCConfigurationList;
			buildConfigurations = (
				4780BA3A1F6A767E0024D27D /* Debug */,
				4780BA3B1F6A767E0024D27D /* Release */,
			);
			defaultConfigurationIsVisible = 0;
			defaultConfigurationName = Release;
		};
		4780BA3C1F6A767E0024D27D /* Build configuration list for PBXNativeTarget "UIViewLifeCycle" */ = {
			isa = XCConfigurationList;
			buildConfigurations = (
				4780BA3D1F6A767E0024D27D /* Debug */,
				4780BA3E1F6A767E0024D27D /* Release */,
			);
			defaultConfigurationIsVisible = 0;
			defaultConfigurationName = Release;
		};
/* End XCConfigurationList section */
	};
	rootObject = 4780BA1D1F6A767E0024D27D /* Project object */;
}
